<Solution>
  <Folder Name="/Frontend/">
    <Project Path="nexora-web/nexora-web.esproj">
      <Build />
      <Deploy />
    </Project>
  </Folder>
  <Folder Name="/Gateway/">
    <Project Path="NexoraGateway/NexoraEnterprise.NexoraGateway.csproj" />
  </Folder>
  <Folder Name="/NexoraExterprise.BuildingBlocks/">
    <Project Path="SharedContracts/NexoraEnterprise.SharedContracts.csproj" Id="98d7c6ff-0883-4167-9a85-0c2cca8d9c00" />
    <Project Path="SharedInfrastructure/NexoraEnterprise.SharedInfrastructure.csproj" Id="8cebc210-968e-41f0-a076-1667ad9d23ce" />
    <Project Path="SharedKernel/NexoraEnterprise.SharedKernel.csproj" Id="1cde2a26-4a47-49be-a362-494bb0f34a4f" />
  </Folder>
  <Folder Name="/Services/" />
  <Folder Name="/Services/EmailService/">
    <Project Path="EmailService.API/NexoraEnterprise.EmailService.API.csproj" Id="9844199c-53bc-4ee5-a119-8f73b0b3304c" />
    <Project Path="EmailService.Application/NexorapriseEmailService.Application.csproj" Id="620e59cf-2c30-4447-98c7-b1d2647ad10e" />
    <Project Path="EmailService.Domain/NexoraPrise.EmailService.Domain.csproj" Id="040e3a43-89f7-48e8-9dae-312adc3fc98a" />
    <Project Path="EmailService.Infrastructure/Nexoraprise.EmailService.Infrastructure.csproj" Id="5f1239ac-cb3c-4d0f-8b72-db6ffe78640a" />
    <Project Path="EmailService.Worker/NexoraEnterprise.EmailService.Worker.csproj" Id="dd29da54-5113-4f3c-90a7-e43c36401e19" />
  </Folder>
  <Folder Name="/Services/NexoraEnterprise.AuthService/">
    <Project Path="AuthService.API/NexoraEnterprise.EmployeeService.API.csproj" Id="57251532-e78a-4c81-a813-44bb2fe52bff" />
    <Project Path="AuthService.Application/NexoraEnterprise.EmployeeService.Application.csproj" Id="2da90790-bba3-4086-b6b1-88cd75b2c051" />
    <Project Path="AuthService.Domain/NexoraEnterprise.EmployeeService.Domain.csproj" Id="468cea34-013e-42a7-a3a3-0d476b889209" />
    <Project Path="AuthService.Infrastructure/NexoraEnterprise.EmployeeService.Infrastructure.csproj" Id="749d30d5-f5c7-40d2-9f98-dff3e9e68683" />
  </Folder>
  <Folder Name="/Services/OrderService/" />
  <Folder Name="/Services/PaymentService/" />
  <Project Path="DLQ.Replayer/DLQ.Replayer.csproj" Id="b1a56158-6d87-4d7b-8b0f-232655d29f0f" />
  <Project Path="DLQService.API/DLQService.API.csproj" Id="2eeffcf2-a522-4777-b5dd-4faa58de2756" />
</Solution>
